// !$*UTF8*$!
{
	archiveVersion = 1;
	classes = {
	};
	objectVersion = 56;
	objects = {

/* Begin PBXBuildFile section */
		72EB60F42A0D12100015E025 /* SettingsModels.swift in Sources */ = {isa = PBXBuildFile; fileRef = 72EB60F32A0D12100015E025 /* SettingsModels.swift */; };
		72FBB64B29E93D27002DEBF9 /* AppDelegate.swift in Sources */ = {isa = PBXBuildFile; fileRef = 72FBB64A29E93D27002DEBF9 /* AppDelegate.swift */; };
		72FBB64D29E93D27002DEBF9 /* SceneDelegate.swift in Sources */ = {isa = PBXBuildFile; fileRef = 72FBB64C29E93D27002DEBF9 /* SceneDelegate.swift */; };
		72FBB64F29E93D27002DEBF9 /* HomeViewController.swift in Sources */ = {isa = PBXBuildFile; fileRef = 72FBB64E29E93D27002DEBF9 /* HomeViewController.swift */; };
		72FBB65429E93D28002DEBF9 /* Assets.xcassets in Resources */ = {isa = PBXBuildFile; fileRef = 72FBB65329E93D28002DEBF9 /* Assets.xcassets */; };
		72FBB65729E93D28002DEBF9 /* LaunchScreen.storyboard in Resources */ = {isa = PBXBuildFile; fileRef = 72FBB65529E93D28002DEBF9 /* LaunchScreen.storyboard */; };
		72FBB66529E94311002DEBF9 /* TabBarViewController.swift in Sources */ = {isa = PBXBuildFile; fileRef = 72FBB66429E94311002DEBF9 /* TabBarViewController.swift */; };
		72FBB66729E9433E002DEBF9 /* SearchViewController.swift in Sources */ = {isa = PBXBuildFile; fileRef = 72FBB66629E9433E002DEBF9 /* SearchViewController.swift */; };
		72FBB66929E94364002DEBF9 /* LibraryViewController.swift in Sources */ = {isa = PBXBuildFile; fileRef = 72FBB66829E94364002DEBF9 /* LibraryViewController.swift */; };
		72FBB66D29E943E3002DEBF9 /* AuthViewController.swift in Sources */ = {isa = PBXBuildFile; fileRef = 72FBB66C29E943E3002DEBF9 /* AuthViewController.swift */; };
		72FBB66F29E943F3002DEBF9 /* WelcomeViewController.swift in Sources */ = {isa = PBXBuildFile; fileRef = 72FBB66E29E943F3002DEBF9 /* WelcomeViewController.swift */; };
		72FBB67129E94404002DEBF9 /* SettingsViewController.swift in Sources */ = {isa = PBXBuildFile; fileRef = 72FBB67029E94404002DEBF9 /* SettingsViewController.swift */; };
		72FBB67329E9441D002DEBF9 /* ProfileViewController.swift in Sources */ = {isa = PBXBuildFile; fileRef = 72FBB67229E9441D002DEBF9 /* ProfileViewController.swift */; };
		72FBB67529E94427002DEBF9 /* PlayerViewController.swift in Sources */ = {isa = PBXBuildFile; fileRef = 72FBB67429E94427002DEBF9 /* PlayerViewController.swift */; };
		72FBB67729E9443D002DEBF9 /* PlaylistViewController.swift in Sources */ = {isa = PBXBuildFile; fileRef = 72FBB67629E9443D002DEBF9 /* PlaylistViewController.swift */; };
		72FBB67929E9445C002DEBF9 /* SearchResultViewController.swift in Sources */ = {isa = PBXBuildFile; fileRef = 72FBB67829E9445C002DEBF9 /* SearchResultViewController.swift */; };
		72FBB67B29E94474002DEBF9 /* AuthManager.swift in Sources */ = {isa = PBXBuildFile; fileRef = 72FBB67A29E94474002DEBF9 /* AuthManager.swift */; };
		72FBB67D29E9447F002DEBF9 /* APICaller.swift in Sources */ = {isa = PBXBuildFile; fileRef = 72FBB67C29E9447F002DEBF9 /* APICaller.swift */; };
		72FBB67F29E94492002DEBF9 /* HapticsManager.swift in Sources */ = {isa = PBXBuildFile; fileRef = 72FBB67E29E94492002DEBF9 /* HapticsManager.swift */; };
		72FBB68129E944A9002DEBF9 /* Playlist.swift in Sources */ = {isa = PBXBuildFile; fileRef = 72FBB68029E944A9002DEBF9 /* Playlist.swift */; };
		72FBB68329E944B7002DEBF9 /* AudioTrack.swift in Sources */ = {isa = PBXBuildFile; fileRef = 72FBB68229E944B7002DEBF9 /* AudioTrack.swift */; };
		72FBB68529E944CA002DEBF9 /* Artist.swift in Sources */ = {isa = PBXBuildFile; fileRef = 72FBB68429E944CA002DEBF9 /* Artist.swift */; };
		72FBB68729E944DA002DEBF9 /* UserProfile.swift in Sources */ = {isa = PBXBuildFile; fileRef = 72FBB68629E944D9002DEBF9 /* UserProfile.swift */; };
		72FBB68929E95181002DEBF9 /* Extensions.swift in Sources */ = {isa = PBXBuildFile; fileRef = 72FBB68829E95181002DEBF9 /* Extensions.swift */; };
		72FBB68B29E959C9002DEBF9 /* AuthResponse.swift in Sources */ = {isa = PBXBuildFile; fileRef = 72FBB68A29E959C9002DEBF9 /* AuthResponse.swift */; };
/* End PBXBuildFile section */

/* Begin PBXFileReference section */
		72EB60F32A0D12100015E025 /* SettingsModels.swift */ = {isa = PBXFileReference; lastKnownFileType = sourcecode.swift; path = SettingsModels.swift; sourceTree = "<group>"; };
		72FBB64729E93D27002DEBF9 /* SpotifyClone.app */ = {isa = PBXFileReference; explicitFileType = wrapper.application; includeInIndex = 0; path = SpotifyClone.app; sourceTree = BUILT_PRODUCTS_DIR; };
		72FBB64A29E93D27002DEBF9 /* AppDelegate.swift */ = {isa = PBXFileReference; lastKnownFileType = sourcecode.swift; path = AppDelegate.swift; sourceTree = "<group>"; };
		72FBB64C29E93D27002DEBF9 /* SceneDelegate.swift */ = {isa = PBXFileReference; lastKnownFileType = sourcecode.swift; path = SceneDelegate.swift; sourceTree = "<group>"; };
		72FBB64E29E93D27002DEBF9 /* HomeViewController.swift */ = {isa = PBXFileReference; lastKnownFileType = sourcecode.swift; path = HomeViewController.swift; sourceTree = "<group>"; };
		72FBB65329E93D28002DEBF9 /* Assets.xcassets */ = {isa = PBXFileReference; lastKnownFileType = folder.assetcatalog; path = Assets.xcassets; sourceTree = "<group>"; };
		72FBB65629E93D28002DEBF9 /* Base */ = {isa = PBXFileReference; lastKnownFileType = file.storyboard; name = Base; path = Base.lproj/LaunchScreen.storyboard; sourceTree = "<group>"; };
		72FBB65829E93D28002DEBF9 /* Info.plist */ = {isa = PBXFileReference; lastKnownFileType = text.plist.xml; path = Info.plist; sourceTree = "<group>"; };
		72FBB66429E94311002DEBF9 /* TabBarViewController.swift */ = {isa = PBXFileReference; lastKnownFileType = sourcecode.swift; path = TabBarViewController.swift; sourceTree = "<group>"; };
		72FBB66629E9433E002DEBF9 /* SearchViewController.swift */ = {isa = PBXFileReference; lastKnownFileType = sourcecode.swift; path = SearchViewController.swift; sourceTree = "<group>"; };
		72FBB66829E94364002DEBF9 /* LibraryViewController.swift */ = {isa = PBXFileReference; lastKnownFileType = sourcecode.swift; path = LibraryViewController.swift; sourceTree = "<group>"; };
		72FBB66C29E943E3002DEBF9 /* AuthViewController.swift */ = {isa = PBXFileReference; lastKnownFileType = sourcecode.swift; path = AuthViewController.swift; sourceTree = "<group>"; };
		72FBB66E29E943F3002DEBF9 /* WelcomeViewController.swift */ = {isa = PBXFileReference; lastKnownFileType = sourcecode.swift; path = WelcomeViewController.swift; sourceTree = "<group>"; };
		72FBB67029E94404002DEBF9 /* SettingsViewController.swift */ = {isa = PBXFileReference; lastKnownFileType = sourcecode.swift; path = SettingsViewController.swift; sourceTree = "<group>"; };
		72FBB67229E9441D002DEBF9 /* ProfileViewController.swift */ = {isa = PBXFileReference; lastKnownFileType = sourcecode.swift; path = ProfileViewController.swift; sourceTree = "<group>"; };
		72FBB67429E94427002DEBF9 /* PlayerViewController.swift */ = {isa = PBXFileReference; lastKnownFileType = sourcecode.swift; path = PlayerViewController.swift; sourceTree = "<group>"; };
		72FBB67629E9443D002DEBF9 /* PlaylistViewController.swift */ = {isa = PBXFileReference; lastKnownFileType = sourcecode.swift; path = PlaylistViewController.swift; sourceTree = "<group>"; };
		72FBB67829E9445C002DEBF9 /* SearchResultViewController.swift */ = {isa = PBXFileReference; lastKnownFileType = sourcecode.swift; path = SearchResultViewController.swift; sourceTree = "<group>"; };
		72FBB67A29E94474002DEBF9 /* AuthManager.swift */ = {isa = PBXFileReference; lastKnownFileType = sourcecode.swift; path = AuthManager.swift; sourceTree = "<group>"; };
		72FBB67C29E9447F002DEBF9 /* APICaller.swift */ = {isa = PBXFileReference; lastKnownFileType = sourcecode.swift; path = APICaller.swift; sourceTree = "<group>"; };
		72FBB67E29E94492002DEBF9 /* HapticsManager.swift */ = {isa = PBXFileReference; lastKnownFileType = sourcecode.swift; path = HapticsManager.swift; sourceTree = "<group>"; };
		72FBB68029E944A9002DEBF9 /* Playlist.swift */ = {isa = PBXFileReference; lastKnownFileType = sourcecode.swift; path = Playlist.swift; sourceTree = "<group>"; };
		72FBB68229E944B7002DEBF9 /* AudioTrack.swift */ = {isa = PBXFileReference; lastKnownFileType = sourcecode.swift; path = AudioTrack.swift; sourceTree = "<group>"; };
		72FBB68429E944CA002DEBF9 /* Artist.swift */ = {isa = PBXFileReference; lastKnownFileType = sourcecode.swift; path = Artist.swift; sourceTree = "<group>"; };
		72FBB68629E944D9002DEBF9 /* UserProfile.swift */ = {isa = PBXFileReference; lastKnownFileType = sourcecode.swift; path = UserProfile.swift; sourceTree = "<group>"; };
		72FBB68829E95181002DEBF9 /* Extensions.swift */ = {isa = PBXFileReference; lastKnownFileType = sourcecode.swift; path = Extensions.swift; sourceTree = "<group>"; };
		72FBB68A29E959C9002DEBF9 /* AuthResponse.swift */ = {isa = PBXFileReference; lastKnownFileType = sourcecode.swift; path = AuthResponse.swift; sourceTree = "<group>"; };
/* End PBXFileReference section */

/* Begin PBXFrameworksBuildPhase section */
		72FBB64429E93D27002DEBF9 /* Frameworks */ = {
			isa = PBXFrameworksBuildPhase;
			buildActionMask = 2147483647;
			files = (
			);
			runOnlyForDeploymentPostprocessing = 0;
		};
/* End PBXFrameworksBuildPhase section */

/* Begin PBXGroup section */
		72FBB63E29E93D27002DEBF9 = {
			isa = PBXGroup;
			children = (
				72FBB64929E93D27002DEBF9 /* SpotifyClone */,
				72FBB64829E93D27002DEBF9 /* Products */,
			);
			sourceTree = "<group>";
		};
		72FBB64829E93D27002DEBF9 /* Products */ = {
			isa = PBXGroup;
			children = (
				72FBB64729E93D27002DEBF9 /* SpotifyClone.app */,
			);
			name = Products;
			sourceTree = "<group>";
		};
		72FBB64929E93D27002DEBF9 /* SpotifyClone */ = {
			isa = PBXGroup;
			children = (
				72FBB66329E94060002DEBF9 /* Resources */,
				72FBB66229E94055002DEBF9 /* Managers */,
				72FBB66129E94043002DEBF9 /* View Models */,
				72FBB66029E94038002DEBF9 /* Models */,
				72FBB65F29E9402E002DEBF9 /* View */,
				72FBB65E29E94013002DEBF9 /* Controllers */,
				72FBB65829E93D28002DEBF9 /* Info.plist */,
			);
			path = SpotifyClone;
			sourceTree = "<group>";
		};
		72FBB65E29E94013002DEBF9 /* Controllers */ = {
			isa = PBXGroup;
			children = (
				72FBB66A29E94367002DEBF9 /* Other */,
				72FBB66B29E9438D002DEBF9 /* Core */,
			);
			path = Controllers;
			sourceTree = "<group>";
		};
		72FBB65F29E9402E002DEBF9 /* View */ = {
			isa = PBXGroup;
			children = (
				72FBB65529E93D28002DEBF9 /* LaunchScreen.storyboard */,
			);
			path = View;
			sourceTree = "<group>";
		};
		72FBB66029E94038002DEBF9 /* Models */ = {
			isa = PBXGroup;
			children = (
				72FBB68029E944A9002DEBF9 /* Playlist.swift */,
				72FBB68229E944B7002DEBF9 /* AudioTrack.swift */,
				72FBB68429E944CA002DEBF9 /* Artist.swift */,
				72FBB68629E944D9002DEBF9 /* UserProfile.swift */,
				72FBB68A29E959C9002DEBF9 /* AuthResponse.swift */,
				72EB60F32A0D12100015E025 /* SettingsModels.swift */,
			);
			path = Models;
			sourceTree = "<group>";
		};
		72FBB66129E94043002DEBF9 /* View Models */ = {
			isa = PBXGroup;
			children = (
			);
			path = "View Models";
			sourceTree = "<group>";
		};
		72FBB66229E94055002DEBF9 /* Managers */ = {
			isa = PBXGroup;
			children = (
				72FBB67A29E94474002DEBF9 /* AuthManager.swift */,
				72FBB67C29E9447F002DEBF9 /* APICaller.swift */,
				72FBB67E29E94492002DEBF9 /* HapticsManager.swift */,
			);
			path = Managers;
			sourceTree = "<group>";
		};
		72FBB66329E94060002DEBF9 /* Resources */ = {
			isa = PBXGroup;
			children = (
				72FBB64A29E93D27002DEBF9 /* AppDelegate.swift */,
				72FBB64C29E93D27002DEBF9 /* SceneDelegate.swift */,
				72FBB65329E93D28002DEBF9 /* Assets.xcassets */,
				72FBB68829E95181002DEBF9 /* Extensions.swift */,
			);
			path = Resources;
			sourceTree = "<group>";
		};
		72FBB66A29E94367002DEBF9 /* Other */ = {
			isa = PBXGroup;
			children = (
				72FBB66C29E943E3002DEBF9 /* AuthViewController.swift */,
				72FBB66E29E943F3002DEBF9 /* WelcomeViewController.swift */,
				72FBB67029E94404002DEBF9 /* SettingsViewController.swift */,
				72FBB67229E9441D002DEBF9 /* ProfileViewController.swift */,
				72FBB67429E94427002DEBF9 /* PlayerViewController.swift */,
				72FBB67629E9443D002DEBF9 /* PlaylistViewController.swift */,
				72FBB67829E9445C002DEBF9 /* SearchResultViewController.swift */,
			);
			path = Other;
			sourceTree = "<group>";
		};
		72FBB66B29E9438D002DEBF9 /* Core */ = {
			isa = PBXGroup;
			children = (
				72FBB66429E94311002DEBF9 /* TabBarViewController.swift */,
				72FBB64E29E93D27002DEBF9 /* HomeViewController.swift */,
				72FBB66629E9433E002DEBF9 /* SearchViewController.swift */,
				72FBB66829E94364002DEBF9 /* LibraryViewController.swift */,
			);
			name = Core;
			sourceTree = "<group>";
		};
/* End PBXGroup section */

/* Begin PBXNativeTarget section */
		72FBB64629E93D27002DEBF9 /* SpotifyClone */ = {
			isa = PBXNativeTarget;
			buildConfigurationList = 72FBB65B29E93D28002DEBF9 /* Build configuration list for PBXNativeTarget "SpotifyClone" */;
			buildPhases = (
				72FBB64329E93D27002DEBF9 /* Sources */,
				72FBB64429E93D27002DEBF9 /* Frameworks */,
				72FBB64529E93D27002DEBF9 /* Resources */,
			);
			buildRules = (
			);
			dependencies = (
			);
			name = SpotifyClone;
			productName = SpotifyClone;
			productReference = 72FBB64729E93D27002DEBF9 /* SpotifyClone.app */;
			productType = "com.apple.product-type.application";
		};
/* End PBXNativeTarget section */

/* Begin PBXProject section */
		72FBB63F29E93D27002DEBF9 /* Project object */ = {
			isa = PBXProject;
			attributes = {
				BuildIndependentTargetsInParallel = 1;
				LastSwiftUpdateCheck = 1420;
				LastUpgradeCheck = 1420;
				TargetAttributes = {
					72FBB64629E93D27002DEBF9 = {
						CreatedOnToolsVersion = 14.2;
					};
				};
			};
			buildConfigurationList = 72FBB64229E93D27002DEBF9 /* Build configuration list for PBXProject "SpotifyClone" */;
			compatibilityVersion = "Xcode 14.0";
			developmentRegion = en;
			hasScannedForEncodings = 0;
			knownRegions = (
				en,
				Base,
			);
			mainGroup = 72FBB63E29E93D27002DEBF9;
			productRefGroup = 72FBB64829E93D27002DEBF9 /* Products */;
			projectDirPath = "";
			projectRoot = "";
			targets = (
				72FBB64629E93D27002DEBF9 /* SpotifyClone */,
			);
		};
/* End PBXProject section */

/* Begin PBXResourcesBuildPhase section */
		72FBB64529E93D27002DEBF9 /* Resources */ = {
			isa = PBXResourcesBuildPhase;
			buildActionMask = 2147483647;
			files = (
				72FBB65729E93D28002DEBF9 /* LaunchScreen.storyboard in Resources */,
				72FBB65429E93D28002DEBF9 /* Assets.xcassets in Resources */,
			);
			runOnlyForDeploymentPostprocessing = 0;
		};
/* End PBXResourcesBuildPhase section */

/* Begin PBXSourcesBuildPhase section */
		72FBB64329E93D27002DEBF9 /* Sources */ = {
			isa = PBXSourcesBuildPhase;
			buildActionMask = 2147483647;
			files = (
				72FBB66729E9433E002DEBF9 /* SearchViewController.swift in Sources */,
				72FBB68129E944A9002DEBF9 /* Playlist.swift in Sources */,
				72FBB67B29E94474002DEBF9 /* AuthManager.swift in Sources */,
				72FBB66F29E943F3002DEBF9 /* WelcomeViewController.swift in Sources */,
				72FBB67329E9441D002DEBF9 /* ProfileViewController.swift in Sources */,
				72FBB66529E94311002DEBF9 /* TabBarViewController.swift in Sources */,
				72FBB64F29E93D27002DEBF9 /* HomeViewController.swift in Sources */,
				72FBB67F29E94492002DEBF9 /* HapticsManager.swift in Sources */,
				72FBB68B29E959C9002DEBF9 /* AuthResponse.swift in Sources */,
				72FBB68329E944B7002DEBF9 /* AudioTrack.swift in Sources */,
				72FBB66D29E943E3002DEBF9 /* AuthViewController.swift in Sources */,
				72FBB64B29E93D27002DEBF9 /* AppDelegate.swift in Sources */,
				72FBB66929E94364002DEBF9 /* LibraryViewController.swift in Sources */,
				72FBB68729E944DA002DEBF9 /* UserProfile.swift in Sources */,
				72FBB68929E95181002DEBF9 /* Extensions.swift in Sources */,
				72FBB67729E9443D002DEBF9 /* PlaylistViewController.swift in Sources */,
				72FBB68529E944CA002DEBF9 /* Artist.swift in Sources */,
				72EB60F42A0D12100015E025 /* SettingsModels.swift in Sources */,
				72FBB64D29E93D27002DEBF9 /* SceneDelegate.swift in Sources */,
				72FBB67529E94427002DEBF9 /* PlayerViewController.swift in Sources */,
				72FBB67929E9445C002DEBF9 /* SearchResultViewController.swift in Sources */,
				72FBB67D29E9447F002DEBF9 /* APICaller.swift in Sources */,
				72FBB67129E94404002DEBF9 /* SettingsViewController.swift in Sources */,
			);
			runOnlyForDeploymentPostprocessing = 0;
		};
/* End PBXSourcesBuildPhase section */

/* Begin PBXVariantGroup section */
		72FBB65529E93D28002DEBF9 /* LaunchScreen.storyboard */ = {
			isa = PBXVariantGroup;
			children = (
				72FBB65629E93D28002DEBF9 /* Base */,
			);
			name = LaunchScreen.storyboard;
			sourceTree = "<group>";
		};
/* End PBXVariantGroup section */

/* Begin XCBuildConfiguration section */
		72FBB65929E93D28002DEBF9 /* Debug */ = {
			isa = XCBuildConfiguration;
			buildSettings = {
				ALWAYS_SEARCH_USER_PATHS = NO;
				CLANG_ANALYZER_NONNULL = YES;
				CLANG_ANALYZER_NUMBER_OBJECT_CONVERSION = YES_AGGRESSIVE;
				CLANG_CXX_LANGUAGE_STANDARD = "gnu++20";
				CLANG_ENABLE_MODULES = YES;
				CLANG_ENABLE_OBJC_ARC = YES;
				CLANG_ENABLE_OBJC_WEAK = YES;
				CLANG_WARN_BLOCK_CAPTURE_AUTORELEASING = YES;
				CLANG_WARN_BOOL_CONVERSION = YES;
				CLANG_WARN_COMMA = YES;
				CLANG_WARN_CONSTANT_CONVERSION = YES;
				CLANG_WARN_DEPRECATED_OBJC_IMPLEMENTATIONS = YES;
				CLANG_WARN_DIRECT_OBJC_ISA_USAGE = YES_ERROR;
				CLANG_WARN_DOCUMENTATION_COMMENTS = YES;
				CLANG_WARN_EMPTY_BODY = YES;
				CLANG_WARN_ENUM_CONVERSION = YES;
				CLANG_WARN_INFINITE_RECURSION = YES;
				CLANG_WARN_INT_CONVERSION = YES;
				CLANG_WARN_NON_LITERAL_NULL_CONVERSION = YES;
				CLANG_WARN_OBJC_IMPLICIT_RETAIN_SELF = YES;
				CLANG_WARN_OBJC_LITERAL_CONVERSION = YES;
				CLANG_WARN_OBJC_ROOT_CLASS = YES_ERROR;
				CLANG_WARN_QUOTED_INCLUDE_IN_FRAMEWORK_HEADER = YES;
				CLANG_WARN_RANGE_LOOP_ANALYSIS = YES;
				CLANG_WARN_STRICT_PROTOTYPES = YES;
				CLANG_WARN_SUSPICIOUS_MOVE = YES;
				CLANG_WARN_UNGUARDED_AVAILABILITY = YES_AGGRESSIVE;
				CLANG_WARN_UNREACHABLE_CODE = YES;
				CLANG_WARN__DUPLICATE_METHOD_MATCH = YES;
				COPY_PHASE_STRIP = NO;
				DEBUG_INFORMATION_FORMAT = dwarf;
				ENABLE_STRICT_OBJC_MSGSEND = YES;
				ENABLE_TESTABILITY = YES;
				GCC_C_LANGUAGE_STANDARD = gnu11;
				GCC_DYNAMIC_NO_PIC = NO;
				GCC_NO_COMMON_BLOCKS = YES;
				GCC_OPTIMIZATION_LEVEL = 0;
				GCC_PREPROCESSOR_DEFINITIONS = (
					"DEBUG=1",
					"$(inherited)",
				);
				GCC_WARN_64_TO_32_BIT_CONVERSION = YES;
				GCC_WARN_ABOUT_RETURN_TYPE = YES_ERROR;
				GCC_WARN_UNDECLARED_SELECTOR = YES;
				GCC_WARN_UNINITIALIZED_AUTOS = YES_AGGRESSIVE;
				GCC_WARN_UNUSED_FUNCTION = YES;
				GCC_WARN_UNUSED_VARIABLE = YES;
				IPHONEOS_DEPLOYMENT_TARGET = 16.2;
				MTL_ENABLE_DEBUG_INFO = INCLUDE_SOURCE;
				MTL_FAST_MATH = YES;
				ONLY_ACTIVE_ARCH = YES;
				SDKROOT = iphoneos;
				SWIFT_ACTIVE_COMPILATION_CONDITIONS = DEBUG;
				SWIFT_OPTIMIZATION_LEVEL = "-Onone";
			};
			name = Debug;
		};
		72FBB65A29E93D28002DEBF9 /* Release */ = {
			isa = XCBuildConfiguration;
			buildSettings = {
				ALWAYS_SEARCH_USER_PATHS = NO;
				CLANG_ANALYZER_NONNULL = YES;
				CLANG_ANALYZER_NUMBER_OBJECT_CONVERSION = YES_AGGRESSIVE;
				CLANG_CXX_LANGUAGE_STANDARD = "gnu++20";
				CLANG_ENABLE_MODULES = YES;
				CLANG_ENABLE_OBJC_ARC = YES;
				CLANG_ENABLE_OBJC_WEAK = YES;
				CLANG_WARN_BLOCK_CAPTURE_AUTORELEASING = YES;
				CLANG_WARN_BOOL_CONVERSION = YES;
				CLANG_WARN_COMMA = YES;
				CLANG_WARN_CONSTANT_CONVERSION = YES;
				CLANG_WARN_DEPRECATED_OBJC_IMPLEMENTATIONS = YES;
				CLANG_WARN_DIRECT_OBJC_ISA_USAGE = YES_ERROR;
				CLANG_WARN_DOCUMENTATION_COMMENTS = YES;
				CLANG_WARN_EMPTY_BODY = YES;
				CLANG_WARN_ENUM_CONVERSION = YES;
				CLANG_WARN_INFINITE_RECURSION = YES;
				CLANG_WARN_INT_CONVERSION = YES;
				CLANG_WARN_NON_LITERAL_NULL_CONVERSION = YES;
				CLANG_WARN_OBJC_IMPLICIT_RETAIN_SELF = YES;
				CLANG_WARN_OBJC_LITERAL_CONVERSION = YES;
				CLANG_WARN_OBJC_ROOT_CLASS = YES_ERROR;
				CLANG_WARN_QUOTED_INCLUDE_IN_FRAMEWORK_HEADER = YES;
				CLANG_WARN_RANGE_LOOP_ANALYSIS = YES;
				CLANG_WARN_STRICT_PROTOTYPES = YES;
				CLANG_WARN_SUSPICIOUS_MOVE = YES;
				CLANG_WARN_UNGUARDED_AVAILABILITY = YES_AGGRESSIVE;
				CLANG_WARN_UNREACHABLE_CODE = YES;
				CLANG_WARN__DUPLICATE_METHOD_MATCH = YES;
				COPY_PHASE_STRIP = NO;
				DEBUG_INFORMATION_FORMAT = "dwarf-with-dsym";
				ENABLE_NS_ASSERTIONS = NO;
				ENABLE_STRICT_OBJC_MSGSEND = YES;
				GCC_C_LANGUAGE_STANDARD = gnu11;
				GCC_NO_COMMON_BLOCKS = YES;
				GCC_WARN_64_TO_32_BIT_CONVERSION = YES;
				GCC_WARN_ABOUT_RETURN_TYPE = YES_ERROR;
				GCC_WARN_UNDECLARED_SELECTOR = YES;
				GCC_WARN_UNINITIALIZED_AUTOS = YES_AGGRESSIVE;
				GCC_WARN_UNUSED_FUNCTION = YES;
				GCC_WARN_UNUSED_VARIABLE = YES;
				IPHONEOS_DEPLOYMENT_TARGET = 16.2;
				MTL_ENABLE_DEBUG_INFO = NO;
				MTL_FAST_MATH = YES;
				SDKROOT = iphoneos;
				SWIFT_COMPILATION_MODE = wholemodule;
				SWIFT_OPTIMIZATION_LEVEL = "-O";
				VALIDATE_PRODUCT = YES;
			};
			name = Release;
		};
		72FBB65C29E93D28002DEBF9 /* Debug */ = {
			isa = XCBuildConfiguration;
			buildSettings = {
				ASSETCATALOG_COMPILER_APPICON_NAME = AppIcon;
				ASSETCATALOG_COMPILER_GLOBAL_ACCENT_COLOR_NAME = AccentColor;
				CODE_SIGN_STYLE = Automatic;
				CURRENT_PROJECT_VERSION = 1;
				DEVELOPMENT_TEAM = V352KC79H8;
				GENERATE_INFOPLIST_FILE = YES;
				INFOPLIST_FILE = SpotifyClone/Info.plist;
				INFOPLIST_KEY_UIApplicationSupportsIndirectInputEvents = YES;
				INFOPLIST_KEY_UILaunchStoryboardName = LaunchScreen;
				INFOPLIST_KEY_UISupportedInterfaceOrientations_iPad = "UIInterfaceOrientationPortrait UIInterfaceOrientationPortraitUpsideDown UIInterfaceOrientationLandscapeLeft UIInterfaceOrientationLandscapeRight";
				INFOPLIST_KEY_UISupportedInterfaceOrientations_iPhone = "UIInterfaceOrientationPortrait UIInterfaceOrientationLandscapeLeft UIInterfaceOrientationLandscapeRight";
				LD_RUNPATH_SEARCH_PATHS = (
					"$(inherited)",
					"@executable_path/Frameworks",
				);
				MARKETING_VERSION = 1.0;
				PRODUCT_BUNDLE_IDENTIFIER = com.zeynepOzdemirAcikgoz.SpotifyClone;
				PRODUCT_NAME = "$(TARGET_NAME)";
				SWIFT_EMIT_LOC_STRINGS = YES;
				SWIFT_VERSION = 5.0;
				TARGETED_DEVICE_FAMILY = "1,2";
			};
			name = Debug;
		};
		72FBB65D29E93D28002DEBF9 /* Release */ = {
			isa = XCBuildConfiguration;
			buildSettings = {
				ASSETCATALOG_COMPILER_APPICON_NAME = AppIcon;
				ASSETCATALOG_COMPILER_GLOBAL_ACCENT_COLOR_NAME = AccentColor;
				CODE_SIGN_STYLE = Automatic;
				CURRENT_PROJECT_VERSION = 1;
				DEVELOPMENT_TEAM = V352KC79H8;
				GENERATE_INFOPLIST_FILE = YES;
				INFOPLIST_FILE = SpotifyClone/Info.plist;
				INFOPLIST_KEY_UIApplicationSupportsIndirectInputEvents = YES;
				INFOPLIST_KEY_UILaunchStoryboardName = LaunchScreen;
				INFOPLIST_KEY_UISupportedInterfaceOrientations_iPad = "UIInterfaceOrientationPortrait UIInterfaceOrientationPortraitUpsideDown UIInterfaceOrientationLandscapeLeft UIInterfaceOrientationLandscapeRight";
				INFOPLIST_KEY_UISupportedInterfaceOrientations_iPhone = "UIInterfaceOrientationPortrait UIInterfaceOrientationLandscapeLeft UIInterfaceOrientationLandscapeRight";
				LD_RUNPATH_SEARCH_PATHS = (
					"$(inherited)",
					"@executable_path/Frameworks",
				);
				MARKETING_VERSION = 1.0;
				PRODUCT_BUNDLE_IDENTIFIER = com.zeynepOzdemirAcikgoz.SpotifyClone;
				PRODUCT_NAME = "$(TARGET_NAME)";
				SWIFT_EMIT_LOC_STRINGS = YES;
				SWIFT_VERSION = 5.0;
				TARGETED_DEVICE_FAMILY = "1,2";
			};
			name = Release;
		};
/* End XCBuildConfiguration section */

/* Begin XCConfigurationList section */
		72FBB64229E93D27002DEBF9 /* Build configuration list for PBXProject "SpotifyClone" */ = {
			isa = XCConfigurationList;
			buildConfigurations = (
				72FBB65929E93D28002DEBF9 /* Debug */,
				72FBB65A29E93D28002DEBF9 /* Release */,
			);
			defaultConfigurationIsVisible = 0;
			defaultConfigurationName = Release;
		};
		72FBB65B29E93D28002DEBF9 /* Build configuration list for PBXNativeTarget "SpotifyClone" */ = {
			isa = XCConfigurationList;
			buildConfigurations = (
				72FBB65C29E93D28002DEBF9 /* Debug */,
				72FBB65D29E93D28002DEBF9 /* Release */,
			);
			defaultConfigurationIsVisible = 0;
			defaultConfigurationName = Release;
		};
/* End XCConfigurationList section */
	};
	rootObject = 72FBB63F29E93D27002DEBF9 /* Project object */;
}
